
Microsoft Visual Studio Solution File, Format Version 12.00
# Visual Studio Version 16
VisualStudioVersion = 16.0.29728.190
MinimumVisualStudioVersion = 15.0.26124.0
Project("{2150E333-8FDC-42A3-9474-1A3956D46DE8}") = "Solution Items", "Solution Items", "{C476CC39-9E56-4474-9048-FB07A17A3AC2}"
	ProjectSection(SolutionItems) = preProject
		.editorconfig = .editorconfig
		.gitattributes = .gitattributes
		.gitignore = .gitignore
		README.md = README.md
	EndProjectSection
EndProject
Project("{FAE04EC0-301F-11D3-BF4B-00C04F79EFBC}") = "Implementation", "src\Implementation.csproj", "{D77D1DED-642A-4053-A506-61542177F6A4}"
EndProject
Project("{FAE04EC0-301F-11D3-BF4B-00C04F79EFBC}") = "Implementation.Tests", "test\Implementation.Tests.csproj", "{A9BF54AA-F6E3-42BA-8DAA-98402FF9DA0B}"
EndProject
Global
	GlobalSection(SolutionConfigurationPlatforms) = preSolution
		Debug|Any CPU = Debug|Any CPU
		Debug|x64 = Debug|x64
		Debug|x86 = Debug|x86
		Release|Any CPU = Release|Any CPU
		Release|x64 = Release|x64
		Release|x86 = Release|x86
	EndGlobalSection
	GlobalSection(SolutionProperties) = preSolution
		HideSolutionNode = FALSE
	EndGlobalSection
	GlobalSection(ExtensibilityGlobals) = postSolution
		SolutionGuid = {8FACE19D-457D-4EDD-BE61-B2E79B26DC22}
	EndGlobalSection
	GlobalSection(ProjectConfigurationPlatforms) = postSolution
		{D77D1DED-642A-4053-A506-61542177F6A4}.Debug|Any CPU.ActiveCfg = Debug|Any CPU
		{D77D1DED-642A-4053-A506-61542177F6A4}.Debug|Any CPU.Build.0 = Debug|Any CPU
		{D77D1DED-642A-4053-A506-61542177F6A4}.Debug|x64.ActiveCfg = Debug|Any CPU
		{D77D1DED-642A-4053-A506-61542177F6A4}.Debug|x64.Build.0 = Debug|Any CPU
		{D77D1DED-642A-4053-A506-61542177F6A4}.Debug|x86.ActiveCfg = Debug|Any CPU
		{D77D1DED-642A-4053-A506-61542177F6A4}.Debug|x86.Build.0 = Debug|Any CPU
		{D77D1DED-642A-4053-A506-61542177F6A4}.Release|Any CPU.ActiveCfg = Release|Any CPU
		{D77D1DED-642A-4053-A506-61542177F6A4}.Release|Any CPU.Build.0 = Release|Any CPU
		{D77D1DED-642A-4053-A506-61542177F6A4}.Release|x64.ActiveCfg = Release|Any CPU
		{D77D1DED-642A-4053-A506-61542177F6A4}.Release|x64.Build.0 = Release|Any CPU
		{D77D1DED-642A-4053-A506-61542177F6A4}.Release|x86.ActiveCfg = Release|Any CPU
		{D77D1DED-642A-4053-A506-61542177F6A4}.Release|x86.Build.0 = Release|Any CPU
		{A9BF54AA-F6E3-42BA-8DAA-98402FF9DA0B}.Debug|Any CPU.ActiveCfg = Debug|Any CPU
		{A9BF54AA-F6E3-42BA-8DAA-98402FF9DA0B}.Debug|Any CPU.Build.0 = Debug|Any CPU
		{A9BF54AA-F6E3-42BA-8DAA-98402FF9DA0B}.Debug|x64.ActiveCfg = Debug|Any CPU
		{A9BF54AA-F6E3-42BA-8DAA-98402FF9DA0B}.Debug|x64.Build.0 = Debug|Any CPU
		{A9BF54AA-F6E3-42BA-8DAA-98402FF9DA0B}.Debug|x86.ActiveCfg = Debug|Any CPU
		{A9BF54AA-F6E3-42BA-8DAA-98402FF9DA0B}.Debug|x86.Build.0 = Debug|Any CPU
		{A9BF54AA-F6E3-42BA-8DAA-98402FF9DA0B}.Release|Any CPU.ActiveCfg = Release|Any CPU
		{A9BF54AA-F6E3-42BA-8DAA-98402FF9DA0B}.Release|Any CPU.Build.0 = Release|Any CPU
		{A9BF54AA-F6E3-42BA-8DAA-98402FF9DA0B}.Release|x64.ActiveCfg = Release|Any CPU
		{A9BF54AA-F6E3-42BA-8DAA-98402FF9DA0B}.Release|x64.Build.0 = Release|Any CPU
		{A9BF54AA-F6E3-42BA-8DAA-98402FF9DA0B}.Release|x86.ActiveCfg = Release|Any CPU
		{A9BF54AA-F6E3-42BA-8DAA-98402FF9DA0B}.Release|x86.Build.0 = Release|Any CPU
	EndGlobalSection
EndGlobal
